# THIS IS AN AUTOGENERATED FILE. DO NOT EDIT THIS FILE DIRECTLY.
# yarn lockfile v1


"@geonet/geohash@^1.0.10":
  version "1.0.10"
  resolved "https://registry.yarnpkg.com/@geonet/geohash/-/geohash-1.0.10.tgz#f2fcc1f7d343b27fe0a29384dc4ce0588c71a9fe"
  integrity sha512-aKevCAjxMdG4Emkid6SMRvcxUFutGZCA9HxSOs+Q3718vmUkgv7AjBwC89KDLapYYGuJ5/QuAaE+fsGFv4idRQ==
